
Microsoft Visual Studio Solution File, Format Version 12.00
# Visual Studio Version 17
VisualStudioVersion = 17.4.33205.214
MinimumVisualStudioVersion = 10.0.40219.1
Project("{9A19103F-16F7-4668-BE54-9A1E7A4F7556}") = "R3name", "R3name\R3name.csproj", "{61424CF0-E0E9-4ED0-A481-177BFC2C32A8}"
EndProject
Project("{9A19103F-16F7-4668-BE54-9A1E7A4F7556}") = "R3name.Tests", "R3name.Tests\R3name.Tests.csproj", "{16EF9EBB-B1EE-4E1E-92B1-650F79692EAB}"
EndProject
Global
	GlobalSection(SolutionConfigurationPlatforms) = preSolution
		Debug|Any CPU = Debug|Any CPU
		Release|Any CPU = Release|Any CPU
	EndGlobalSection
	GlobalSection(ProjectConfigurationPlatforms) = postSolution
		{61424CF0-E0E9-4ED0-A481-177BFC2C32A8}.Debug|Any CPU.ActiveCfg = Debug|Any CPU
		{61424CF0-E0E9-4ED0-A481-177BFC2C32A8}.Debug|Any CPU.Build.0 = Debug|Any CPU
		{61424CF0-E0E9-4ED0-A481-177BFC2C32A8}.Release|Any CPU.ActiveCfg = Release|Any CPU
		{61424CF0-E0E9-4ED0-A481-177BFC2C32A8}.Release|Any CPU.Build.0 = Release|Any CPU
		{16EF9EBB-B1EE-4E1E-92B1-650F79692EAB}.Debug|Any CPU.ActiveCfg = Debug|Any CPU
		{16EF9EBB-B1EE-4E1E-92B1-650F79692EAB}.Debug|Any CPU.Build.0 = Debug|Any CPU
		{16EF9EBB-B1EE-4E1E-92B1-650F79692EAB}.Release|Any CPU.ActiveCfg = Release|Any CPU
		{16EF9EBB-B1EE-4E1E-92B1-650F79692EAB}.Release|Any CPU.Build.0 = Release|Any CPU
	EndGlobalSection
	GlobalSection(SolutionProperties) = preSolution
		HideSolutionNode = FALSE
	EndGlobalSection
	GlobalSection(ExtensibilityGlobals) = postSolution
		SolutionGuid = {A9852256-B5E4-4599-B400-76C69CB6D764}
	EndGlobalSection
EndGlobal
